
Microsoft Visual Studio Solution File, Format Version 12.00
# Visual Studio Version 17
VisualStudioVersion = 17.13.35806.99
MinimumVisualStudioVersion = 10.0.40219.1
Project("{FAE04EC0-301F-11D3-BF4B-00C04F79EFBC}") = "NotoNote", "NotoNote\NotoNote.csproj", "{53C8652F-6560-4BD5-90B1-3CAF478A7E5D}"
EndProject
Project("{FAE04EC0-301F-11D3-BF4B-00C04F79EFBC}") = "NotoNote.Tests", "NotoNote.Tests\NotoNote.Tests.csproj", "{F3C30D71-3C59-4AF2-8352-CC1354BCA0B7}"
EndProject
Global
	GlobalSection(SolutionConfigurationPlatforms) = preSolution
		Debug|Any CPU = Debug|Any CPU
		Debug|x64 = Debug|x64
		Debug|x86 = Debug|x86
		Release|Any CPU = Release|Any CPU
		Release|x64 = Release|x64
		Release|x86 = Release|x86
	EndGlobalSection
	GlobalSection(ProjectConfigurationPlatforms) = postSolution
		{53C8652F-6560-4BD5-90B1-3CAF478A7E5D}.Debug|Any CPU.ActiveCfg = Debug|Any CPU
		{53C8652F-6560-4BD5-90B1-3CAF478A7E5D}.Debug|Any CPU.Build.0 = Debug|Any CPU
		{53C8652F-6560-4BD5-90B1-3CAF478A7E5D}.Debug|x64.ActiveCfg = Debug|Any CPU
		{53C8652F-6560-4BD5-90B1-3CAF478A7E5D}.Debug|x64.Build.0 = Debug|Any CPU
		{53C8652F-6560-4BD5-90B1-3CAF478A7E5D}.Debug|x86.ActiveCfg = Debug|Any CPU
		{53C8652F-6560-4BD5-90B1-3CAF478A7E5D}.Debug|x86.Build.0 = Debug|Any CPU
		{53C8652F-6560-4BD5-90B1-3CAF478A7E5D}.Release|Any CPU.ActiveCfg = Release|Any CPU
		{53C8652F-6560-4BD5-90B1-3CAF478A7E5D}.Release|Any CPU.Build.0 = Release|Any CPU
		{53C8652F-6560-4BD5-90B1-3CAF478A7E5D}.Release|x64.ActiveCfg = Release|Any CPU
		{53C8652F-6560-4BD5-90B1-3CAF478A7E5D}.Release|x64.Build.0 = Release|Any CPU
		{53C8652F-6560-4BD5-90B1-3CAF478A7E5D}.Release|x86.ActiveCfg = Release|Any CPU
		{53C8652F-6560-4BD5-90B1-3CAF478A7E5D}.Release|x86.Build.0 = Release|Any CPU
		{F3C30D71-3C59-4AF2-8352-CC1354BCA0B7}.Debug|Any CPU.ActiveCfg = Debug|Any CPU
		{F3C30D71-3C59-4AF2-8352-CC1354BCA0B7}.Debug|Any CPU.Build.0 = Debug|Any CPU
		{F3C30D71-3C59-4AF2-8352-CC1354BCA0B7}.Debug|x64.ActiveCfg = Debug|Any CPU
		{F3C30D71-3C59-4AF2-8352-CC1354BCA0B7}.Debug|x64.Build.0 = Debug|Any CPU
		{F3C30D71-3C59-4AF2-8352-CC1354BCA0B7}.Debug|x86.ActiveCfg = Debug|Any CPU
		{F3C30D71-3C59-4AF2-8352-CC1354BCA0B7}.Debug|x86.Build.0 = Debug|Any CPU
		{F3C30D71-3C59-4AF2-8352-CC1354BCA0B7}.Release|Any CPU.ActiveCfg = Release|Any CPU
		{F3C30D71-3C59-4AF2-8352-CC1354BCA0B7}.Release|Any CPU.Build.0 = Release|Any CPU
		{F3C30D71-3C59-4AF2-8352-CC1354BCA0B7}.Release|x64.ActiveCfg = Release|Any CPU
		{F3C30D71-3C59-4AF2-8352-CC1354BCA0B7}.Release|x64.Build.0 = Release|Any CPU
		{F3C30D71-3C59-4AF2-8352-CC1354BCA0B7}.Release|x86.ActiveCfg = Release|Any CPU
		{F3C30D71-3C59-4AF2-8352-CC1354BCA0B7}.Release|x86.Build.0 = Release|Any CPU
	EndGlobalSection
	GlobalSection(SolutionProperties) = preSolution
		HideSolutionNode = FALSE
	EndGlobalSection
	GlobalSection(ExtensibilityGlobals) = postSolution
		SolutionGuid = {F89821F2-84CC-486C-98EF-27338F3CA772}
	EndGlobalSection
EndGlobal
